
Microsoft Visual Studio Solution File, Format Version 12.00
# Visual Studio 15
VisualStudioVersion = 15.0.27130.2036
MinimumVisualStudioVersion = 10.0.40219.1
Project("{159641D6-6404-4A2A-AE62-294DE0FE8301}") = "ImportExcelToSQL_HangHoa", "ImportExcelToSQL_HangHoa\ImportExcelToSQL_HangHoa.dtproj", "{B5AD1268-8F1F-41FC-90AD-95764CF6D8E9}"
EndProject
Global
	GlobalSection(SolutionConfigurationPlatforms) = preSolution
		Development|Default = Development|Default
	EndGlobalSection
	GlobalSection(ProjectConfigurationPlatforms) = postSolution
		{B5AD1268-8F1F-41FC-90AD-95764CF6D8E9}.Development|Default.ActiveCfg = Development
		{B5AD1268-8F1F-41FC-90AD-95764CF6D8E9}.Development|Default.Build.0 = Development
	EndGlobalSection
	GlobalSection(SolutionProperties) = preSolution
		HideSolutionNode = FALSE
	EndGlobalSection
	GlobalSection(ExtensibilityGlobals) = postSolution
		SolutionGuid = {7D4147B8-88DD-48FC-AD98-078F568827DE}
	EndGlobalSection
EndGlobal
